
Microsoft Visual Studio Solution File, Format Version 12.00
# Visual Studio Version 16
VisualStudioVersion = 16.0.32228.343
MinimumVisualStudioVersion = 10.0.40219.1
Project("{FAE04EC0-301F-11D3-BF4B-00C04F79EFBC}") = "PersonalityTest", "PersonalityTest\PersonalityTest.csproj", "{73B2240C-CF45-49AC-9317-18EB3B6D5F2D}"
EndProject
Project("{FAE04EC0-301F-11D3-BF4B-00C04F79EFBC}") = "PersonalityTestSwitch", "PersonalityTestSwitch\PersonalityTestSwitch.csproj", "{5BBC8852-BD65-40C0-8C64-D01E206AFC53}"
EndProject
Project("{FAE04EC0-301F-11D3-BF4B-00C04F79EFBC}") = "GradingIf", "GradingIf\GradingIf.csproj", "{1705C5C8-D60A-432B-9BAE-91914810018A}"
EndProject
Project("{FAE04EC0-301F-11D3-BF4B-00C04F79EFBC}") = "GradingSwitch", "GradingSwitch\GradingSwitch.csproj", "{98D40CB9-E292-49E6-9A50-52A572AD1800}"
EndProject
Project("{FAE04EC0-301F-11D3-BF4B-00C04F79EFBC}") = "CatsAndDogs", "CatsAndDogs\CatsAndDogs.csproj", "{BCEFB5F9-AB69-4BC1-A554-A58AADB6797F}"
EndProject
Global
	GlobalSection(SolutionConfigurationPlatforms) = preSolution
		Debug|Any CPU = Debug|Any CPU
		Release|Any CPU = Release|Any CPU
	EndGlobalSection
	GlobalSection(ProjectConfigurationPlatforms) = postSolution
		{73B2240C-CF45-49AC-9317-18EB3B6D5F2D}.Debug|Any CPU.ActiveCfg = Debug|Any CPU
		{73B2240C-CF45-49AC-9317-18EB3B6D5F2D}.Debug|Any CPU.Build.0 = Debug|Any CPU
		{73B2240C-CF45-49AC-9317-18EB3B6D5F2D}.Release|Any CPU.ActiveCfg = Release|Any CPU
		{73B2240C-CF45-49AC-9317-18EB3B6D5F2D}.Release|Any CPU.Build.0 = Release|Any CPU
		{5BBC8852-BD65-40C0-8C64-D01E206AFC53}.Debug|Any CPU.ActiveCfg = Debug|Any CPU
		{5BBC8852-BD65-40C0-8C64-D01E206AFC53}.Debug|Any CPU.Build.0 = Debug|Any CPU
		{5BBC8852-BD65-40C0-8C64-D01E206AFC53}.Release|Any CPU.ActiveCfg = Release|Any CPU
		{5BBC8852-BD65-40C0-8C64-D01E206AFC53}.Release|Any CPU.Build.0 = Release|Any CPU
		{1705C5C8-D60A-432B-9BAE-91914810018A}.Debug|Any CPU.ActiveCfg = Debug|Any CPU
		{1705C5C8-D60A-432B-9BAE-91914810018A}.Debug|Any CPU.Build.0 = Debug|Any CPU
		{1705C5C8-D60A-432B-9BAE-91914810018A}.Release|Any CPU.ActiveCfg = Release|Any CPU
		{1705C5C8-D60A-432B-9BAE-91914810018A}.Release|Any CPU.Build.0 = Release|Any CPU
		{98D40CB9-E292-49E6-9A50-52A572AD1800}.Debug|Any CPU.ActiveCfg = Debug|Any CPU
		{98D40CB9-E292-49E6-9A50-52A572AD1800}.Debug|Any CPU.Build.0 = Debug|Any CPU
		{98D40CB9-E292-49E6-9A50-52A572AD1800}.Release|Any CPU.ActiveCfg = Release|Any CPU
		{98D40CB9-E292-49E6-9A50-52A572AD1800}.Release|Any CPU.Build.0 = Release|Any CPU
		{BCEFB5F9-AB69-4BC1-A554-A58AADB6797F}.Debug|Any CPU.ActiveCfg = Debug|Any CPU
		{BCEFB5F9-AB69-4BC1-A554-A58AADB6797F}.Debug|Any CPU.Build.0 = Debug|Any CPU
		{BCEFB5F9-AB69-4BC1-A554-A58AADB6797F}.Release|Any CPU.ActiveCfg = Release|Any CPU
		{BCEFB5F9-AB69-4BC1-A554-A58AADB6797F}.Release|Any CPU.Build.0 = Release|Any CPU
	EndGlobalSection
	GlobalSection(SolutionProperties) = preSolution
		HideSolutionNode = FALSE
	EndGlobalSection
	GlobalSection(ExtensibilityGlobals) = postSolution
		SolutionGuid = {FA6B9CF5-3C4B-4A7D-A870-C792657CB626}
	EndGlobalSection
EndGlobal
